
Microsoft Visual Studio Solution File, Format Version 12.00
# Visual Studio 15
VisualStudioVersion = 15.0.28307.572
MinimumVisualStudioVersion = 10.0.40219.1
Project("{FAE04EC0-301F-11D3-BF4B-00C04F79EFBC}") = "SportGest", "SportGest\SportGest.csproj", "{7372FE4E-1D6A-454E-8500-7A684096F9DD}"
EndProject
Global
	GlobalSection(SolutionConfigurationPlatforms) = preSolution
		Debug|Any CPU = Debug|Any CPU
		Release|Any CPU = Release|Any CPU
	EndGlobalSection
	GlobalSection(ProjectConfigurationPlatforms) = postSolution
		{7372FE4E-1D6A-454E-8500-7A684096F9DD}.Debug|Any CPU.ActiveCfg = Debug|Any CPU
		{7372FE4E-1D6A-454E-8500-7A684096F9DD}.Debug|Any CPU.Build.0 = Debug|Any CPU
		{7372FE4E-1D6A-454E-8500-7A684096F9DD}.Release|Any CPU.ActiveCfg = Release|Any CPU
		{7372FE4E-1D6A-454E-8500-7A684096F9DD}.Release|Any CPU.Build.0 = Release|Any CPU
	EndGlobalSection
	GlobalSection(SolutionProperties) = preSolution
		HideSolutionNode = FALSE
	EndGlobalSection
	GlobalSection(ExtensibilityGlobals) = postSolution
		SolutionGuid = {C173E5F3-B955-4FAA-943E-E252E56F6653}
	EndGlobalSection
EndGlobal
